
Microsoft Visual Studio Solution File, Format Version 12.00
# Visual Studio Version 17
VisualStudioVersion = 17.3.32929.385
MinimumVisualStudioVersion = 10.0.40219.1
Project("{FAE04EC0-301F-11D3-BF4B-00C04F79EFBC}") = "lab2a", "lab2a\lab2a.csproj", "{920DA7C3-5C5B-49C7-9918-8A191E95F324}"
EndProject
Global
	GlobalSection(SolutionConfigurationPlatforms) = preSolution
		Debug|Any CPU = Debug|Any CPU
		Release|Any CPU = Release|Any CPU
	EndGlobalSection
	GlobalSection(ProjectConfigurationPlatforms) = postSolution
		{920DA7C3-5C5B-49C7-9918-8A191E95F324}.Debug|Any CPU.ActiveCfg = Debug|Any CPU
		{920DA7C3-5C5B-49C7-9918-8A191E95F324}.Debug|Any CPU.Build.0 = Debug|Any CPU
		{920DA7C3-5C5B-49C7-9918-8A191E95F324}.Release|Any CPU.ActiveCfg = Release|Any CPU
		{920DA7C3-5C5B-49C7-9918-8A191E95F324}.Release|Any CPU.Build.0 = Release|Any CPU
	EndGlobalSection
	GlobalSection(SolutionProperties) = preSolution
		HideSolutionNode = FALSE
	EndGlobalSection
	GlobalSection(ExtensibilityGlobals) = postSolution
		SolutionGuid = {CD9A7629-8021-47C5-8D57-3A4EBCCFC3A1}
	EndGlobalSection
EndGlobal
