
Microsoft Visual Studio Solution File, Format Version 12.00
# Visual Studio Version 17
VisualStudioVersion = 17.3.32929.385
MinimumVisualStudioVersion = 10.0.40219.1
Project("{FAE04EC0-301F-11D3-BF4B-00C04F79EFBC}") = "Animal", "Animal\Animal.csproj", "{A5C011DA-279F-405A-A1F6-FB7D80A664FF}"
EndProject
Global
	GlobalSection(SolutionConfigurationPlatforms) = preSolution
		Debug|Any CPU = Debug|Any CPU
		Release|Any CPU = Release|Any CPU
	EndGlobalSection
	GlobalSection(ProjectConfigurationPlatforms) = postSolution
		{A5C011DA-279F-405A-A1F6-FB7D80A664FF}.Debug|Any CPU.ActiveCfg = Debug|Any CPU
		{A5C011DA-279F-405A-A1F6-FB7D80A664FF}.Debug|Any CPU.Build.0 = Debug|Any CPU
		{A5C011DA-279F-405A-A1F6-FB7D80A664FF}.Release|Any CPU.ActiveCfg = Release|Any CPU
		{A5C011DA-279F-405A-A1F6-FB7D80A664FF}.Release|Any CPU.Build.0 = Release|Any CPU
	EndGlobalSection
	GlobalSection(SolutionProperties) = preSolution
		HideSolutionNode = FALSE
	EndGlobalSection
	GlobalSection(ExtensibilityGlobals) = postSolution
		SolutionGuid = {BFA0B2E0-9217-4821-8C58-AD25463A14DB}
	EndGlobalSection
EndGlobal
