
Microsoft Visual Studio Solution File, Format Version 12.00
# Visual Studio Version 17
VisualStudioVersion = 17.3.32929.385
MinimumVisualStudioVersion = 10.0.40219.1
Project("{FAE04EC0-301F-11D3-BF4B-00C04F79EFBC}") = "login page", "login page\login page.csproj", "{C7002928-2922-41F2-AD5B-DABF4448B628}"
EndProject
Global
	GlobalSection(SolutionConfigurationPlatforms) = preSolution
		Debug|Any CPU = Debug|Any CPU
		Release|Any CPU = Release|Any CPU
	EndGlobalSection
	GlobalSection(ProjectConfigurationPlatforms) = postSolution
		{C7002928-2922-41F2-AD5B-DABF4448B628}.Debug|Any CPU.ActiveCfg = Debug|Any CPU
		{C7002928-2922-41F2-AD5B-DABF4448B628}.Debug|Any CPU.Build.0 = Debug|Any CPU
		{C7002928-2922-41F2-AD5B-DABF4448B628}.Release|Any CPU.ActiveCfg = Release|Any CPU
		{C7002928-2922-41F2-AD5B-DABF4448B628}.Release|Any CPU.Build.0 = Release|Any CPU
	EndGlobalSection
	GlobalSection(SolutionProperties) = preSolution
		HideSolutionNode = FALSE
	EndGlobalSection
	GlobalSection(ExtensibilityGlobals) = postSolution
		SolutionGuid = {5C6AFE7C-E74C-4FE1-AD46-E55E1316B165}
	EndGlobalSection
EndGlobal
