
Microsoft Visual Studio Solution File, Format Version 12.00
# Visual Studio Version 17
VisualStudioVersion = 17.3.32929.385
MinimumVisualStudioVersion = 10.0.40219.1
Project("{FAE04EC0-301F-11D3-BF4B-00C04F79EFBC}") = "lab3", "lab3\lab3.csproj", "{02C630C3-10B4-44D3-B9AE-ACCEAD4453FD}"
EndProject
Global
	GlobalSection(SolutionConfigurationPlatforms) = preSolution
		Debug|Any CPU = Debug|Any CPU
		Release|Any CPU = Release|Any CPU
	EndGlobalSection
	GlobalSection(ProjectConfigurationPlatforms) = postSolution
		{02C630C3-10B4-44D3-B9AE-ACCEAD4453FD}.Debug|Any CPU.ActiveCfg = Debug|Any CPU
		{02C630C3-10B4-44D3-B9AE-ACCEAD4453FD}.Debug|Any CPU.Build.0 = Debug|Any CPU
		{02C630C3-10B4-44D3-B9AE-ACCEAD4453FD}.Release|Any CPU.ActiveCfg = Release|Any CPU
		{02C630C3-10B4-44D3-B9AE-ACCEAD4453FD}.Release|Any CPU.Build.0 = Release|Any CPU
	EndGlobalSection
	GlobalSection(SolutionProperties) = preSolution
		HideSolutionNode = FALSE
	EndGlobalSection
	GlobalSection(ExtensibilityGlobals) = postSolution
		SolutionGuid = {12CDFD3B-89F1-4C5B-A6BA-BB50D1F8FC96}
	EndGlobalSection
EndGlobal
